
Microsoft Visual Studio Solution File, Format Version 12.00
# Visual Studio Version 17
VisualStudioVersion = 17.0.32112.339
MinimumVisualStudioVersion = 10.0.40219.1
Project("{9A19103F-16F7-4668-BE54-9A1E7A4F7556}") = "TinyMovieShared.API", "TinyMovieShared.API\TinyMovieShared.API.csproj", "{CBEAD641-96C9-4EB0-AAFE-27BFD680E25E}"
EndProject
Project("{FAE04EC0-301F-11D3-BF4B-00C04F79EFBC}") = "TinyMovieShared.Tests", "test\TinyMovieShared.Tests\TinyMovieShared.Tests.csproj", "{67A1BFDE-978B-415C-94FA-4399FBCB8487}"
EndProject
Global
	GlobalSection(SolutionConfigurationPlatforms) = preSolution
		Debug|Any CPU = Debug|Any CPU
		Release|Any CPU = Release|Any CPU
	EndGlobalSection
	GlobalSection(ProjectConfigurationPlatforms) = postSolution
		{CBEAD641-96C9-4EB0-AAFE-27BFD680E25E}.Debug|Any CPU.ActiveCfg = Debug|Any CPU
		{CBEAD641-96C9-4EB0-AAFE-27BFD680E25E}.Debug|Any CPU.Build.0 = Debug|Any CPU
		{CBEAD641-96C9-4EB0-AAFE-27BFD680E25E}.Release|Any CPU.ActiveCfg = Release|Any CPU
		{CBEAD641-96C9-4EB0-AAFE-27BFD680E25E}.Release|Any CPU.Build.0 = Release|Any CPU
		{67A1BFDE-978B-415C-94FA-4399FBCB8487}.Debug|Any CPU.ActiveCfg = Debug|Any CPU
		{67A1BFDE-978B-415C-94FA-4399FBCB8487}.Debug|Any CPU.Build.0 = Debug|Any CPU
		{67A1BFDE-978B-415C-94FA-4399FBCB8487}.Release|Any CPU.ActiveCfg = Release|Any CPU
		{67A1BFDE-978B-415C-94FA-4399FBCB8487}.Release|Any CPU.Build.0 = Release|Any CPU
	EndGlobalSection
	GlobalSection(SolutionProperties) = preSolution
		HideSolutionNode = FALSE
	EndGlobalSection
	GlobalSection(ExtensibilityGlobals) = postSolution
		SolutionGuid = {DE1F55FB-F8B3-4D3F-B9A0-165572B717A5}
	EndGlobalSection
EndGlobal
